
Microsoft Visual Studio Solution File, Format Version 12.00
# Visual Studio Version 17
VisualStudioVersion = 17.6.33723.286
MinimumVisualStudioVersion = 10.0.40219.1
Project("{FAE04EC0-301F-11D3-BF4B-00C04F79EFBC}") = "Homework", "Homework\Homework.csproj", "{F62A141D-4DB8-4B6D-9663-BAF3A241A3BB}"
EndProject
Global
	GlobalSection(SolutionConfigurationPlatforms) = preSolution
		Debug|Any CPU = Debug|Any CPU
		Release|Any CPU = Release|Any CPU
	EndGlobalSection
	GlobalSection(ProjectConfigurationPlatforms) = postSolution
		{F62A141D-4DB8-4B6D-9663-BAF3A241A3BB}.Debug|Any CPU.ActiveCfg = Debug|Any CPU
		{F62A141D-4DB8-4B6D-9663-BAF3A241A3BB}.Debug|Any CPU.Build.0 = Debug|Any CPU
		{F62A141D-4DB8-4B6D-9663-BAF3A241A3BB}.Release|Any CPU.ActiveCfg = Release|Any CPU
		{F62A141D-4DB8-4B6D-9663-BAF3A241A3BB}.Release|Any CPU.Build.0 = Release|Any CPU
	EndGlobalSection
	GlobalSection(SolutionProperties) = preSolution
		HideSolutionNode = FALSE
	EndGlobalSection
	GlobalSection(ExtensibilityGlobals) = postSolution
		SolutionGuid = {ECA13500-73D6-4723-90F4-45E6B6151C20}
	EndGlobalSection
EndGlobal
